// !$*UTF8*$!
{
	archiveVersion = 1;
	classes = {
	};
	objectVersion = 51;
	objects = {

/* Begin PBXBuildFile section */
		622669EC245C74C800E00F55 /* AppDelegate.swift in Sources */ = {isa = PBXBuildFile; fileRef = 622669EB245C74C800E00F55 /* AppDelegate.swift */; };
		622669EE245C74C800E00F55 /* SceneDelegate.swift in Sources */ = {isa = PBXBuildFile; fileRef = 622669ED245C74C800E00F55 /* SceneDelegate.swift */; };
		622669F0245C74C800E00F55 /* IntroScreenViewController.swift in Sources */ = {isa = PBXBuildFile; fileRef = 622669EF245C74C800E00F55 /* IntroScreenViewController.swift */; };
		622669F3245C74C800E00F55 /* Main.storyboard in Resources */ = {isa = PBXBuildFile; fileRef = 622669F1245C74C800E00F55 /* Main.storyboard */; };
		622669F5245C74CB00E00F55 /* Assets.xcassets in Resources */ = {isa = PBXBuildFile; fileRef = 622669F4245C74CB00E00F55 /* Assets.xcassets */; };
		622669F8245C74CB00E00F55 /* LaunchScreen.storyboard in Resources */ = {isa = PBXBuildFile; fileRef = 622669F6245C74CB00E00F55 /* LaunchScreen.storyboard */; };
		62266A00245C7BD700E00F55 /* WelcomeViewController.swift in Sources */ = {isa = PBXBuildFile; fileRef = 622669FF245C7BD700E00F55 /* WelcomeViewController.swift */; };
		62266A03245C7D0C00E00F55 /* IntroViewClass.swift in Sources */ = {isa = PBXBuildFile; fileRef = 62266A02245C7D0C00E00F55 /* IntroViewClass.swift */; };
		623B77532461296A00C893F7 /* SettingsTableViewController.swift in Sources */ = {isa = PBXBuildFile; fileRef = 623B77522461296A00C893F7 /* SettingsTableViewController.swift */; };
		623B7755246177C300C893F7 /* CheckInternet.swift in Sources */ = {isa = PBXBuildFile; fileRef = 623B7754246177C300C893F7 /* CheckInternet.swift */; };
		623B775824617CAE00C893F7 /* ThemesViewController.swift in Sources */ = {isa = PBXBuildFile; fileRef = 623B775724617CAE00C893F7 /* ThemesViewController.swift */; };
		626B94802461899A00F0A671 /* SignOutViewController.swift in Sources */ = {isa = PBXBuildFile; fileRef = 626B947F2461899A00F0A671 /* SignOutViewController.swift */; };
		626B94842461CB4300F0A671 /* MailViewController.swift in Sources */ = {isa = PBXBuildFile; fileRef = 626B94832461CB4300F0A671 /* MailViewController.swift */; };
		626B94862461DED700F0A671 /* ChangeCatViewController.swift in Sources */ = {isa = PBXBuildFile; fileRef = 626B94852461DED700F0A671 /* ChangeCatViewController.swift */; };
		629111172463089A00136C9B /* Notification.swift in Sources */ = {isa = PBXBuildFile; fileRef = 629111162463089A00136C9B /* Notification.swift */; };
		6294178E245EABBB00D4B37A /* MainViewController.swift in Sources */ = {isa = PBXBuildFile; fileRef = 6294178D245EABBB00D4B37A /* MainViewController.swift */; };
		62941794245EC3DA00D4B37A /* SettingsViewController.swift in Sources */ = {isa = PBXBuildFile; fileRef = 62941793245EC3DA00D4B37A /* SettingsViewController.swift */; };
		62A0B82D245CCD56000272A5 /* KeyboardExtension.swift in Sources */ = {isa = PBXBuildFile; fileRef = 62A0B82C245CCD56000272A5 /* KeyboardExtension.swift */; };
		62A0B82F245CCE72000272A5 /* Utilities.swift in Sources */ = {isa = PBXBuildFile; fileRef = 62A0B82E245CCE72000272A5 /* Utilities.swift */; };
		62A0B831245CD257000272A5 /* GoogleService-Info.plist in Resources */ = {isa = PBXBuildFile; fileRef = 62A0B830245CD257000272A5 /* GoogleService-Info.plist */; };
		62A8B1392463582A00D2ED1C /* NotificationsViewController.swift in Sources */ = {isa = PBXBuildFile; fileRef = 62A8B1382463582A00D2ED1C /* NotificationsViewController.swift */; };
		62AC9CD2246042340090B7CE /* FactTableViewCell.swift in Sources */ = {isa = PBXBuildFile; fileRef = 62AC9CD1246042340090B7CE /* FactTableViewCell.swift */; };
		62AD4E882462A56200096484 /* SavedTableViewCell.swift in Sources */ = {isa = PBXBuildFile; fileRef = 62AD4E872462A56200096484 /* SavedTableViewCell.swift */; };
		62AEA591245F2BBC006A237D /* FactsViewController.swift in Sources */ = {isa = PBXBuildFile; fileRef = 62AEA590245F2BBC006A237D /* FactsViewController.swift */; };
		62AEA593245F34F6006A237D /* CategoriesViewController.swift in Sources */ = {isa = PBXBuildFile; fileRef = 62AEA592245F34F6006A237D /* CategoriesViewController.swift */; };
		62AEA596245F3938006A237D /* CategoriesTableViewCell.swift in Sources */ = {isa = PBXBuildFile; fileRef = 62AEA595245F3938006A237D /* CategoriesTableViewCell.swift */; };
		62E12FFB245CA22C001AB4BF /* LoginViewController.swift in Sources */ = {isa = PBXBuildFile; fileRef = 62E12FFA245CA22C001AB4BF /* LoginViewController.swift */; };
		62E12FFD245CA23E001AB4BF /* SignUpViewController.swift in Sources */ = {isa = PBXBuildFile; fileRef = 62E12FFC245CA23E001AB4BF /* SignUpViewController.swift */; };
		62E12FFF245CA249001AB4BF /* SavedViewController.swift in Sources */ = {isa = PBXBuildFile; fileRef = 62E12FFE245CA249001AB4BF /* SavedViewController.swift */; };
		62FD37682462DE5500653BD1 /* SuggestViewController.swift in Sources */ = {isa = PBXBuildFile; fileRef = 62FD37672462DE5500653BD1 /* SuggestViewController.swift */; };
		62FD376A2462E24A00653BD1 /* ChangeNameViewController.swift in Sources */ = {isa = PBXBuildFile; fileRef = 62FD37692462E24A00653BD1 /* ChangeNameViewController.swift */; };
		DCE97A09DAA336210D618FB3 /* Pods_Factilicious.framework in Frameworks */ = {isa = PBXBuildFile; fileRef = C56BE13E8A6BE9AFA6463549 /* Pods_Factilicious.framework */; };
/* End PBXBuildFile section */

/* Begin PBXFileReference section */
		622669E8245C74C800E00F55 /* Factilicious.app */ = {isa = PBXFileReference; explicitFileType = wrapper.application; includeInIndex = 0; path = Factilicious.app; sourceTree = BUILT_PRODUCTS_DIR; };
		622669EB245C74C800E00F55 /* AppDelegate.swift */ = {isa = PBXFileReference; lastKnownFileType = sourcecode.swift; path = AppDelegate.swift; sourceTree = "<group>"; };
		622669ED245C74C800E00F55 /* SceneDelegate.swift */ = {isa = PBXFileReference; lastKnownFileType = sourcecode.swift; path = SceneDelegate.swift; sourceTree = "<group>"; };
		622669EF245C74C800E00F55 /* IntroScreenViewController.swift */ = {isa = PBXFileReference; lastKnownFileType = sourcecode.swift; path = IntroScreenViewController.swift; sourceTree = "<group>"; };
		622669F2245C74C800E00F55 /* Base */ = {isa = PBXFileReference; lastKnownFileType = file.storyboard; name = Base; path = Base.lproj/Main.storyboard; sourceTree = "<group>"; };
		622669F4245C74CB00E00F55 /* Assets.xcassets */ = {isa = PBXFileReference; lastKnownFileType = folder.assetcatalog; path = Assets.xcassets; sourceTree = "<group>"; };
		622669F7245C74CB00E00F55 /* Base */ = {isa = PBXFileReference; lastKnownFileType = file.storyboard; name = Base; path = Base.lproj/LaunchScreen.storyboard; sourceTree = "<group>"; };
		622669F9245C74CB00E00F55 /* Info.plist */ = {isa = PBXFileReference; lastKnownFileType = text.plist.xml; path = Info.plist; sourceTree = "<group>"; };
		622669FF245C7BD700E00F55 /* WelcomeViewController.swift */ = {isa = PBXFileReference; lastKnownFileType = sourcecode.swift; path = WelcomeViewController.swift; sourceTree = "<group>"; };
		62266A02245C7D0C00E00F55 /* IntroViewClass.swift */ = {isa = PBXFileReference; lastKnownFileType = sourcecode.swift; path = IntroViewClass.swift; sourceTree = "<group>"; };
		623B77522461296A00C893F7 /* SettingsTableViewController.swift */ = {isa = PBXFileReference; lastKnownFileType = sourcecode.swift; path = SettingsTableViewController.swift; sourceTree = "<group>"; };
		623B7754246177C300C893F7 /* CheckInternet.swift */ = {isa = PBXFileReference; fileEncoding = 4; lastKnownFileType = sourcecode.swift; path = CheckInternet.swift; sourceTree = "<group>"; };
		623B775724617CAE00C893F7 /* ThemesViewController.swift */ = {isa = PBXFileReference; lastKnownFileType = sourcecode.swift; path = ThemesViewController.swift; sourceTree = "<group>"; };
		626B947F2461899A00F0A671 /* SignOutViewController.swift */ = {isa = PBXFileReference; lastKnownFileType = sourcecode.swift; path = SignOutViewController.swift; sourceTree = "<group>"; };
		626B94832461CB4300F0A671 /* MailViewController.swift */ = {isa = PBXFileReference; lastKnownFileType = sourcecode.swift; path = MailViewController.swift; sourceTree = "<group>"; };
		626B94852461DED700F0A671 /* ChangeCatViewController.swift */ = {isa = PBXFileReference; lastKnownFileType = sourcecode.swift; path = ChangeCatViewController.swift; sourceTree = "<group>"; };
		629111162463089A00136C9B /* Notification.swift */ = {isa = PBXFileReference; lastKnownFileType = sourcecode.swift; path = Notification.swift; sourceTree = "<group>"; };
		6294178D245EABBB00D4B37A /* MainViewController.swift */ = {isa = PBXFileReference; lastKnownFileType = sourcecode.swift; path = MainViewController.swift; sourceTree = "<group>"; };
		62941793245EC3DA00D4B37A /* SettingsViewController.swift */ = {isa = PBXFileReference; lastKnownFileType = sourcecode.swift; path = SettingsViewController.swift; sourceTree = "<group>"; };
		62A0B82C245CCD56000272A5 /* KeyboardExtension.swift */ = {isa = PBXFileReference; fileEncoding = 4; lastKnownFileType = sourcecode.swift; path = KeyboardExtension.swift; sourceTree = "<group>"; };
		62A0B82E245CCE72000272A5 /* Utilities.swift */ = {isa = PBXFileReference; fileEncoding = 4; lastKnownFileType = sourcecode.swift; path = Utilities.swift; sourceTree = "<group>"; };
		62A0B830245CD257000272A5 /* GoogleService-Info.plist */ = {isa = PBXFileReference; fileEncoding = 4; lastKnownFileType = text.plist.xml; path = "GoogleService-Info.plist"; sourceTree = "<group>"; };
		62A8B1382463582A00D2ED1C /* NotificationsViewController.swift */ = {isa = PBXFileReference; lastKnownFileType = sourcecode.swift; path = NotificationsViewController.swift; sourceTree = "<group>"; };
		62AC9CD1246042340090B7CE /* FactTableViewCell.swift */ = {isa = PBXFileReference; lastKnownFileType = sourcecode.swift; path = FactTableViewCell.swift; sourceTree = "<group>"; };
		62AD4E872462A56200096484 /* SavedTableViewCell.swift */ = {isa = PBXFileReference; lastKnownFileType = sourcecode.swift; path = SavedTableViewCell.swift; sourceTree = "<group>"; };
		62AEA590245F2BBC006A237D /* FactsViewController.swift */ = {isa = PBXFileReference; lastKnownFileType = sourcecode.swift; path = FactsViewController.swift; sourceTree = "<group>"; };
		62AEA592245F34F6006A237D /* CategoriesViewController.swift */ = {isa = PBXFileReference; lastKnownFileType = sourcecode.swift; path = CategoriesViewController.swift; sourceTree = "<group>"; };
		62AEA595245F3938006A237D /* CategoriesTableViewCell.swift */ = {isa = PBXFileReference; lastKnownFileType = sourcecode.swift; path = CategoriesTableViewCell.swift; sourceTree = "<group>"; };
		62E12FFA245CA22C001AB4BF /* LoginViewController.swift */ = {isa = PBXFileReference; lastKnownFileType = sourcecode.swift; path = LoginViewController.swift; sourceTree = "<group>"; };
		62E12FFC245CA23E001AB4BF /* SignUpViewController.swift */ = {isa = PBXFileReference; lastKnownFileType = sourcecode.swift; path = SignUpViewController.swift; sourceTree = "<group>"; };
		62E12FFE245CA249001AB4BF /* SavedViewController.swift */ = {isa = PBXFileReference; lastKnownFileType = sourcecode.swift; path = SavedViewController.swift; sourceTree = "<group>"; };
		62FD37672462DE5500653BD1 /* SuggestViewController.swift */ = {isa = PBXFileReference; lastKnownFileType = sourcecode.swift; path = SuggestViewController.swift; sourceTree = "<group>"; };
		62FD37692462E24A00653BD1 /* ChangeNameViewController.swift */ = {isa = PBXFileReference; lastKnownFileType = sourcecode.swift; path = ChangeNameViewController.swift; sourceTree = "<group>"; };
		C56BE13E8A6BE9AFA6463549 /* Pods_Factilicious.framework */ = {isa = PBXFileReference; explicitFileType = wrapper.framework; includeInIndex = 0; path = Pods_Factilicious.framework; sourceTree = BUILT_PRODUCTS_DIR; };
		E6691953CCD816BDB7960D6E /* Pods-Factilicious.release.xcconfig */ = {isa = PBXFileReference; includeInIndex = 1; lastKnownFileType = text.xcconfig; name = "Pods-Factilicious.release.xcconfig"; path = "Target Support Files/Pods-Factilicious/Pods-Factilicious.release.xcconfig"; sourceTree = "<group>"; };
		FD9C85A83E0302F65844898B /* Pods-Factilicious.debug.xcconfig */ = {isa = PBXFileReference; includeInIndex = 1; lastKnownFileType = text.xcconfig; name = "Pods-Factilicious.debug.xcconfig"; path = "Target Support Files/Pods-Factilicious/Pods-Factilicious.debug.xcconfig"; sourceTree = "<group>"; };
/* End PBXFileReference section */

/* Begin PBXFrameworksBuildPhase section */
		622669E5245C74C800E00F55 /* Frameworks */ = {
			isa = PBXFrameworksBuildPhase;
			buildActionMask = 2147483647;
			files = (
				DCE97A09DAA336210D618FB3 /* Pods_Factilicious.framework in Frameworks */,
			);
			runOnlyForDeploymentPostprocessing = 0;
		};
/* End PBXFrameworksBuildPhase section */

/* Begin PBXGroup section */
		29FF10A5B3D416F8E59BD406 /* Frameworks */ = {
			isa = PBXGroup;
			children = (
				C56BE13E8A6BE9AFA6463549 /* Pods_Factilicious.framework */,
			);
			name = Frameworks;
			sourceTree = "<group>";
		};
		2FA16F2396582C4554786CAF /* Pods */ = {
			isa = PBXGroup;
			children = (
				FD9C85A83E0302F65844898B /* Pods-Factilicious.debug.xcconfig */,
				E6691953CCD816BDB7960D6E /* Pods-Factilicious.release.xcconfig */,
			);
			path = Pods;
			sourceTree = "<group>";
		};
		622669DF245C74C800E00F55 = {
			isa = PBXGroup;
			children = (
				622669EA245C74C800E00F55 /* Factilicious */,
				622669E9245C74C800E00F55 /* Products */,
				2FA16F2396582C4554786CAF /* Pods */,
				29FF10A5B3D416F8E59BD406 /* Frameworks */,
			);
			sourceTree = "<group>";
		};
		622669E9245C74C800E00F55 /* Products */ = {
			isa = PBXGroup;
			children = (
				622669E8245C74C800E00F55 /* Factilicious.app */,
			);
			name = Products;
			sourceTree = "<group>";
		};
		622669EA245C74C800E00F55 /* Factilicious */ = {
			isa = PBXGroup;
			children = (
				62AEA594245F391C006A237D /* Categories */,
				6294178F245EC36100D4B37A /* Main Scene */,
				62A0B82B245CCC65000272A5 /* Helpers */,
				62E13000245CBEF7001AB4BF /* Login + Sign Up */,
				622669EB245C74C800E00F55 /* AppDelegate.swift */,
				622669ED245C74C800E00F55 /* SceneDelegate.swift */,
				62266A01245C7CCE00E00F55 /* Intro Screen */,
				622669F1245C74C800E00F55 /* Main.storyboard */,
				622669F4245C74CB00E00F55 /* Assets.xcassets */,
				622669F6245C74CB00E00F55 /* LaunchScreen.storyboard */,
				622669F9245C74CB00E00F55 /* Info.plist */,
				62A0B830245CD257000272A5 /* GoogleService-Info.plist */,
				629111162463089A00136C9B /* Notification.swift */,
			);
			path = Factilicious;
			sourceTree = "<group>";
		};
		62266A01245C7CCE00E00F55 /* Intro Screen */ = {
			isa = PBXGroup;
			children = (
				622669EF245C74C800E00F55 /* IntroScreenViewController.swift */,
				62266A02245C7D0C00E00F55 /* IntroViewClass.swift */,
			);
			path = "Intro Screen";
			sourceTree = "<group>";
		};
		623B775624617C8C00C893F7 /* Settings */ = {
			isa = PBXGroup;
			children = (
				623B775724617CAE00C893F7 /* ThemesViewController.swift */,
				626B947F2461899A00F0A671 /* SignOutViewController.swift */,
				626B94832461CB4300F0A671 /* MailViewController.swift */,
				626B94852461DED700F0A671 /* ChangeCatViewController.swift */,
				62FD37672462DE5500653BD1 /* SuggestViewController.swift */,
				62FD37692462E24A00653BD1 /* ChangeNameViewController.swift */,
				62A8B1382463582A00D2ED1C /* NotificationsViewController.swift */,
			);
			path = Settings;
			sourceTree = "<group>";
		};
		6294178F245EC36100D4B37A /* Main Scene */ = {
			isa = PBXGroup;
			children = (
				6294178D245EABBB00D4B37A /* MainViewController.swift */,
				62941790245EC37600D4B37A /* Tabs */,
			);
			path = "Main Scene";
			sourceTree = "<group>";
		};
		62941790245EC37600D4B37A /* Tabs */ = {
			isa = PBXGroup;
			children = (
				62AD4E862462A52C00096484 /* Saved */,
				62941793245EC3DA00D4B37A /* SettingsViewController.swift */,
				623B77522461296A00C893F7 /* SettingsTableViewController.swift */,
				623B775624617C8C00C893F7 /* Settings */,
				62FA2DA62460244800AEB759 /* Facts */,
			);
			path = Tabs;
			sourceTree = "<group>";
		};
		62A0B82B245CCC65000272A5 /* Helpers */ = {
			isa = PBXGroup;
			children = (
				62A0B82C245CCD56000272A5 /* KeyboardExtension.swift */,
				62A0B82E245CCE72000272A5 /* Utilities.swift */,
				623B7754246177C300C893F7 /* CheckInternet.swift */,
			);
			path = Helpers;
			sourceTree = "<group>";
		};
		62AD4E862462A52C00096484 /* Saved */ = {
			isa = PBXGroup;
			children = (
				62E12FFE245CA249001AB4BF /* SavedViewController.swift */,
				62AD4E872462A56200096484 /* SavedTableViewCell.swift */,
			);
			path = Saved;
			sourceTree = "<group>";
		};
		62AEA594245F391C006A237D /* Categories */ = {
			isa = PBXGroup;
			children = (
				62AEA592245F34F6006A237D /* CategoriesViewController.swift */,
				62AEA595245F3938006A237D /* CategoriesTableViewCell.swift */,
			);
			path = Categories;
			sourceTree = "<group>";
		};
		62E13000245CBEF7001AB4BF /* Login + Sign Up */ = {
			isa = PBXGroup;
			children = (
				622669FF245C7BD700E00F55 /* WelcomeViewController.swift */,
				62E12FFA245CA22C001AB4BF /* LoginViewController.swift */,
				62E12FFC245CA23E001AB4BF /* SignUpViewController.swift */,
			);
			path = "Login + Sign Up";
			sourceTree = "<group>";
		};
		62FA2DA62460244800AEB759 /* Facts */ = {
			isa = PBXGroup;
			children = (
				62AEA590245F2BBC006A237D /* FactsViewController.swift */,
				62AC9CD1246042340090B7CE /* FactTableViewCell.swift */,
			);
			path = Facts;
			sourceTree = "<group>";
		};
/* End PBXGroup section */

/* Begin PBXNativeTarget section */
		622669E7245C74C800E00F55 /* Factilicious */ = {
			isa = PBXNativeTarget;
			buildConfigurationList = 622669FC245C74CB00E00F55 /* Build configuration list for PBXNativeTarget "Factilicious" */;
			buildPhases = (
				F31F6B98169926FAEC017B1C /* [CP] Check Pods Manifest.lock */,
				622669E4245C74C800E00F55 /* Sources */,
				622669E5245C74C800E00F55 /* Frameworks */,
				622669E6245C74C800E00F55 /* Resources */,
				60E3763DDC42830679BFA4A3 /* [CP] Embed Pods Frameworks */,
			);
			buildRules = (
			);
			dependencies = (
			);
			name = Factilicious;
			productName = Factilicious;
			productReference = 622669E8245C74C800E00F55 /* Factilicious.app */;
			productType = "com.apple.product-type.application";
		};
/* End PBXNativeTarget section */

/* Begin PBXProject section */
		622669E0245C74C800E00F55 /* Project object */ = {
			isa = PBXProject;
			attributes = {
				LastSwiftUpdateCheck = 1130;
				LastUpgradeCheck = 1130;
				ORGANIZATIONNAME = "Jayant Arora";
				TargetAttributes = {
					622669E7245C74C800E00F55 = {
						CreatedOnToolsVersion = 11.3.1;
					};
				};
			};
			buildConfigurationList = 622669E3245C74C800E00F55 /* Build configuration list for PBXProject "Factilicious" */;
			compatibilityVersion = "Xcode 9.3";
			developmentRegion = en;
			hasScannedForEncodings = 0;
			knownRegions = (
				en,
				Base,
			);
			mainGroup = 622669DF245C74C800E00F55;
			productRefGroup = 622669E9245C74C800E00F55 /* Products */;
			projectDirPath = "";
			projectRoot = "";
			targets = (
				622669E7245C74C800E00F55 /* Factilicious */,
			);
		};
/* End PBXProject section */

/* Begin PBXResourcesBuildPhase section */
		622669E6245C74C800E00F55 /* Resources */ = {
			isa = PBXResourcesBuildPhase;
			buildActionMask = 2147483647;
			files = (
				622669F8245C74CB00E00F55 /* LaunchScreen.storyboard in Resources */,
				62A0B831245CD257000272A5 /* GoogleService-Info.plist in Resources */,
				622669F5245C74CB00E00F55 /* Assets.xcassets in Resources */,
				622669F3245C74C800E00F55 /* Main.storyboard in Resources */,
			);
			runOnlyForDeploymentPostprocessing = 0;
		};
/* End PBXResourcesBuildPhase section */

/* Begin PBXShellScriptBuildPhase section */
		60E3763DDC42830679BFA4A3 /* [CP] Embed Pods Frameworks */ = {
			isa = PBXShellScriptBuildPhase;
			buildActionMask = 2147483647;
			files = (
			);
			inputFileListPaths = (
				"${PODS_ROOT}/Target Support Files/Pods-Factilicious/Pods-Factilicious-frameworks-${CONFIGURATION}-input-files.xcfilelist",
			);
			name = "[CP] Embed Pods Frameworks";
			outputFileListPaths = (
				"${PODS_ROOT}/Target Support Files/Pods-Factilicious/Pods-Factilicious-frameworks-${CONFIGURATION}-output-files.xcfilelist",
			);
			runOnlyForDeploymentPostprocessing = 0;
			shellPath = /bin/sh;
			shellScript = "\"${PODS_ROOT}/Target Support Files/Pods-Factilicious/Pods-Factilicious-frameworks.sh\"\n";
			showEnvVarsInLog = 0;
		};
		F31F6B98169926FAEC017B1C /* [CP] Check Pods Manifest.lock */ = {
			isa = PBXShellScriptBuildPhase;
			buildActionMask = 2147483647;
			files = (
			);
			inputFileListPaths = (
			);
			inputPaths = (
				"${PODS_PODFILE_DIR_PATH}/Podfile.lock",
				"${PODS_ROOT}/Manifest.lock",
			);
			name = "[CP] Check Pods Manifest.lock";
			outputFileListPaths = (
			);
			outputPaths = (
				"$(DERIVED_FILE_DIR)/Pods-Factilicious-checkManifestLockResult.txt",
			);
			runOnlyForDeploymentPostprocessing = 0;
			shellPath = /bin/sh;
			shellScript = "diff \"${PODS_PODFILE_DIR_PATH}/Podfile.lock\" \"${PODS_ROOT}/Manifest.lock\" > /dev/null\nif [ $? != 0 ] ; then\n    # print error to STDERR\n    echo \"error: The sandbox is not in sync with the Podfile.lock. Run 'pod install' or update your CocoaPods installation.\" >&2\n    exit 1\nfi\n# This output is used by Xcode 'outputs' to avoid re-running this script phase.\necho \"SUCCESS\" > \"${SCRIPT_OUTPUT_FILE_0}\"\n";
			showEnvVarsInLog = 0;
		};
/* End PBXShellScriptBuildPhase section */

/* Begin PBXSourcesBuildPhase section */
		622669E4245C74C800E00F55 /* Sources */ = {
			isa = PBXSourcesBuildPhase;
			buildActionMask = 2147483647;
			files = (
				62A0B82D245CCD56000272A5 /* KeyboardExtension.swift in Sources */,
				623B7755246177C300C893F7 /* CheckInternet.swift in Sources */,
				6294178E245EABBB00D4B37A /* MainViewController.swift in Sources */,
				626B94862461DED700F0A671 /* ChangeCatViewController.swift in Sources */,
				62E12FFB245CA22C001AB4BF /* LoginViewController.swift in Sources */,
				62AC9CD2246042340090B7CE /* FactTableViewCell.swift in Sources */,
				62E12FFD245CA23E001AB4BF /* SignUpViewController.swift in Sources */,
				62FD376A2462E24A00653BD1 /* ChangeNameViewController.swift in Sources */,
				62FD37682462DE5500653BD1 /* SuggestViewController.swift in Sources */,
				622669F0245C74C800E00F55 /* IntroScreenViewController.swift in Sources */,
				62AD4E882462A56200096484 /* SavedTableViewCell.swift in Sources */,
				623B77532461296A00C893F7 /* SettingsTableViewController.swift in Sources */,
				626B94842461CB4300F0A671 /* MailViewController.swift in Sources */,
				62E12FFF245CA249001AB4BF /* SavedViewController.swift in Sources */,
				62266A03245C7D0C00E00F55 /* IntroViewClass.swift in Sources */,
				626B94802461899A00F0A671 /* SignOutViewController.swift in Sources */,
				62266A00245C7BD700E00F55 /* WelcomeViewController.swift in Sources */,
				622669EC245C74C800E00F55 /* AppDelegate.swift in Sources */,
				62A8B1392463582A00D2ED1C /* NotificationsViewController.swift in Sources */,
				62941794245EC3DA00D4B37A /* SettingsViewController.swift in Sources */,
				62A0B82F245CCE72000272A5 /* Utilities.swift in Sources */,
				629111172463089A00136C9B /* Notification.swift in Sources */,
				623B775824617CAE00C893F7 /* ThemesViewController.swift in Sources */,
				622669EE245C74C800E00F55 /* SceneDelegate.swift in Sources */,
				62AEA593245F34F6006A237D /* CategoriesViewController.swift in Sources */,
				62AEA591245F2BBC006A237D /* FactsViewController.swift in Sources */,
				62AEA596245F3938006A237D /* CategoriesTableViewCell.swift in Sources */,
			);
			runOnlyForDeploymentPostprocessing = 0;
		};
/* End PBXSourcesBuildPhase section */

/* Begin PBXVariantGroup section */
		622669F1245C74C800E00F55 /* Main.storyboard */ = {
			isa = PBXVariantGroup;
			children = (
				622669F2245C74C800E00F55 /* Base */,
			);
			name = Main.storyboard;
			sourceTree = "<group>";
		};
		622669F6245C74CB00E00F55 /* LaunchScreen.storyboard */ = {
			isa = PBXVariantGroup;
			children = (
				622669F7245C74CB00E00F55 /* Base */,
			);
			name = LaunchScreen.storyboard;
			sourceTree = "<group>";
		};
/* End PBXVariantGroup section */

/* Begin XCBuildConfiguration section */
		622669FA245C74CB00E00F55 /* Debug */ = {
			isa = XCBuildConfiguration;
			buildSettings = {
				ALWAYS_SEARCH_USER_PATHS = NO;
				CLANG_ANALYZER_NONNULL = YES;
				CLANG_ANALYZER_NUMBER_OBJECT_CONVERSION = YES_AGGRESSIVE;
				CLANG_CXX_LANGUAGE_STANDARD = "gnu++14";
				CLANG_CXX_LIBRARY = "libc++";
				CLANG_ENABLE_MODULES = YES;
				CLANG_ENABLE_OBJC_ARC = YES;
				CLANG_ENABLE_OBJC_WEAK = YES;
				CLANG_WARN_BLOCK_CAPTURE_AUTORELEASING = YES;
				CLANG_WARN_BOOL_CONVERSION = YES;
				CLANG_WARN_COMMA = YES;
				CLANG_WARN_CONSTANT_CONVERSION = YES;
				CLANG_WARN_DEPRECATED_OBJC_IMPLEMENTATIONS = YES;
				CLANG_WARN_DIRECT_OBJC_ISA_USAGE = YES_ERROR;
				CLANG_WARN_DOCUMENTATION_COMMENTS = YES;
				CLANG_WARN_EMPTY_BODY = YES;
				CLANG_WARN_ENUM_CONVERSION = YES;
				CLANG_WARN_INFINITE_RECURSION = YES;
				CLANG_WARN_INT_CONVERSION = YES;
				CLANG_WARN_NON_LITERAL_NULL_CONVERSION = YES;
				CLANG_WARN_OBJC_IMPLICIT_RETAIN_SELF = YES;
				CLANG_WARN_OBJC_LITERAL_CONVERSION = YES;
				CLANG_WARN_OBJC_ROOT_CLASS = YES_ERROR;
				CLANG_WARN_RANGE_LOOP_ANALYSIS = YES;
				CLANG_WARN_STRICT_PROTOTYPES = YES;
				CLANG_WARN_SUSPICIOUS_MOVE = YES;
				CLANG_WARN_UNGUARDED_AVAILABILITY = YES_AGGRESSIVE;
				CLANG_WARN_UNREACHABLE_CODE = YES;
				CLANG_WARN__DUPLICATE_METHOD_MATCH = YES;
				COPY_PHASE_STRIP = NO;
				DEBUG_INFORMATION_FORMAT = dwarf;
				ENABLE_STRICT_OBJC_MSGSEND = YES;
				ENABLE_TESTABILITY = YES;
				GCC_C_LANGUAGE_STANDARD = gnu11;
				GCC_DYNAMIC_NO_PIC = NO;
				GCC_NO_COMMON_BLOCKS = YES;
				GCC_OPTIMIZATION_LEVEL = 0;
				GCC_PREPROCESSOR_DEFINITIONS = (
					"DEBUG=1",
					"$(inherited)",
				);
				GCC_WARN_64_TO_32_BIT_CONVERSION = YES;
				GCC_WARN_ABOUT_RETURN_TYPE = YES_ERROR;
				GCC_WARN_UNDECLARED_SELECTOR = YES;
				GCC_WARN_UNINITIALIZED_AUTOS = YES_AGGRESSIVE;
				GCC_WARN_UNUSED_FUNCTION = YES;
				GCC_WARN_UNUSED_VARIABLE = YES;
				IPHONEOS_DEPLOYMENT_TARGET = 13.2;
				MTL_ENABLE_DEBUG_INFO = INCLUDE_SOURCE;
				MTL_FAST_MATH = YES;
				ONLY_ACTIVE_ARCH = YES;
				SDKROOT = iphoneos;
				SWIFT_ACTIVE_COMPILATION_CONDITIONS = DEBUG;
				SWIFT_OPTIMIZATION_LEVEL = "-Onone";
			};
			name = Debug;
		};
		622669FB245C74CB00E00F55 /* Release */ = {
			isa = XCBuildConfiguration;
			buildSettings = {
				ALWAYS_SEARCH_USER_PATHS = NO;
				CLANG_ANALYZER_NONNULL = YES;
				CLANG_ANALYZER_NUMBER_OBJECT_CONVERSION = YES_AGGRESSIVE;
				CLANG_CXX_LANGUAGE_STANDARD = "gnu++14";
				CLANG_CXX_LIBRARY = "libc++";
				CLANG_ENABLE_MODULES = YES;
				CLANG_ENABLE_OBJC_ARC = YES;
				CLANG_ENABLE_OBJC_WEAK = YES;
				CLANG_WARN_BLOCK_CAPTURE_AUTORELEASING = YES;
				CLANG_WARN_BOOL_CONVERSION = YES;
				CLANG_WARN_COMMA = YES;
				CLANG_WARN_CONSTANT_CONVERSION = YES;
				CLANG_WARN_DEPRECATED_OBJC_IMPLEMENTATIONS = YES;
				CLANG_WARN_DIRECT_OBJC_ISA_USAGE = YES_ERROR;
				CLANG_WARN_DOCUMENTATION_COMMENTS = YES;
				CLANG_WARN_EMPTY_BODY = YES;
				CLANG_WARN_ENUM_CONVERSION = YES;
				CLANG_WARN_INFINITE_RECURSION = YES;
				CLANG_WARN_INT_CONVERSION = YES;
				CLANG_WARN_NON_LITERAL_NULL_CONVERSION = YES;
				CLANG_WARN_OBJC_IMPLICIT_RETAIN_SELF = YES;
				CLANG_WARN_OBJC_LITERAL_CONVERSION = YES;
				CLANG_WARN_OBJC_ROOT_CLASS = YES_ERROR;
				CLANG_WARN_RANGE_LOOP_ANALYSIS = YES;
				CLANG_WARN_STRICT_PROTOTYPES = YES;
				CLANG_WARN_SUSPICIOUS_MOVE = YES;
				CLANG_WARN_UNGUARDED_AVAILABILITY = YES_AGGRESSIVE;
				CLANG_WARN_UNREACHABLE_CODE = YES;
				CLANG_WARN__DUPLICATE_METHOD_MATCH = YES;
				COPY_PHASE_STRIP = NO;
				DEBUG_INFORMATION_FORMAT = "dwarf-with-dsym";
				ENABLE_NS_ASSERTIONS = NO;
				ENABLE_STRICT_OBJC_MSGSEND = YES;
				GCC_C_LANGUAGE_STANDARD = gnu11;
				GCC_NO_COMMON_BLOCKS = YES;
				GCC_WARN_64_TO_32_BIT_CONVERSION = YES;
				GCC_WARN_ABOUT_RETURN_TYPE = YES_ERROR;
				GCC_WARN_UNDECLARED_SELECTOR = YES;
				GCC_WARN_UNINITIALIZED_AUTOS = YES_AGGRESSIVE;
				GCC_WARN_UNUSED_FUNCTION = YES;
				GCC_WARN_UNUSED_VARIABLE = YES;
				IPHONEOS_DEPLOYMENT_TARGET = 13.2;
				MTL_ENABLE_DEBUG_INFO = NO;
				MTL_FAST_MATH = YES;
				SDKROOT = iphoneos;
				SWIFT_COMPILATION_MODE = wholemodule;
				SWIFT_OPTIMIZATION_LEVEL = "-O";
				VALIDATE_PRODUCT = YES;
			};
			name = Release;
		};
		622669FD245C74CB00E00F55 /* Debug */ = {
			isa = XCBuildConfiguration;
			baseConfigurationReference = FD9C85A83E0302F65844898B /* Pods-Factilicious.debug.xcconfig */;
			buildSettings = {
				ASSETCATALOG_COMPILER_APPICON_NAME = AppIcon;
				CODE_SIGN_STYLE = Automatic;
				DEVELOPMENT_TEAM = 85CS83A5PY;
				INFOPLIST_FILE = Factilicious/Info.plist;
				IPHONEOS_DEPLOYMENT_TARGET = 13.0;
				LD_RUNPATH_SEARCH_PATHS = (
					"$(inherited)",
					"@executable_path/Frameworks",
				);
				PRODUCT_BUNDLE_IDENTIFIER = com.jayantarora.Factilicious;
				PRODUCT_NAME = "$(TARGET_NAME)";
				SWIFT_VERSION = 5.0;
				TARGETED_DEVICE_FAMILY = 1;
			};
			name = Debug;
		};
		622669FE245C74CB00E00F55 /* Release */ = {
			isa = XCBuildConfiguration;
			baseConfigurationReference = E6691953CCD816BDB7960D6E /* Pods-Factilicious.release.xcconfig */;
			buildSettings = {
				ASSETCATALOG_COMPILER_APPICON_NAME = AppIcon;
				CODE_SIGN_STYLE = Automatic;
				DEVELOPMENT_TEAM = 85CS83A5PY;
				INFOPLIST_FILE = Factilicious/Info.plist;
				IPHONEOS_DEPLOYMENT_TARGET = 13.0;
				LD_RUNPATH_SEARCH_PATHS = (
					"$(inherited)",
					"@executable_path/Frameworks",
				);
				PRODUCT_BUNDLE_IDENTIFIER = com.jayantarora.Factilicious;
				PRODUCT_NAME = "$(TARGET_NAME)";
				SWIFT_VERSION = 5.0;
				TARGETED_DEVICE_FAMILY = 1;
			};
			name = Release;
		};
/* End XCBuildConfiguration section */

/* Begin XCConfigurationList section */
		622669E3245C74C800E00F55 /* Build configuration list for PBXProject "Factilicious" */ = {
			isa = XCConfigurationList;
			buildConfigurations = (
				622669FA245C74CB00E00F55 /* Debug */,
				622669FB245C74CB00E00F55 /* Release */,
			);
			defaultConfigurationIsVisible = 0;
			defaultConfigurationName = Release;
		};
		622669FC245C74CB00E00F55 /* Build configuration list for PBXNativeTarget "Factilicious" */ = {
			isa = XCConfigurationList;
			buildConfigurations = (
				622669FD245C74CB00E00F55 /* Debug */,
				622669FE245C74CB00E00F55 /* Release */,
			);
			defaultConfigurationIsVisible = 0;
			defaultConfigurationName = Release;
		};
/* End XCConfigurationList section */
	};
	rootObject = 622669E0245C74C800E00F55 /* Project object */;
}
